
Microsoft Visual Studio Solution File, Format Version 12.00
# Visual Studio Version 17
VisualStudioVersion = 17.9.34728.123
MinimumVisualStudioVersion = 10.0.40219.1
Project("{FAE04EC0-301F-11D3-BF4B-00C04F79EFBC}") = "WebSphere_Innovations", "WebSphere_Innovations.csproj", "{F00DD2A1-B401-4490-B890-A84BAE871D5E}"
EndProject
Global
	GlobalSection(SolutionConfigurationPlatforms) = preSolution
		Debug|Any CPU = Debug|Any CPU
		Release|Any CPU = Release|Any CPU
	EndGlobalSection
	GlobalSection(ProjectConfigurationPlatforms) = postSolution
		{F00DD2A1-B401-4490-B890-A84BAE871D5E}.Debug|Any CPU.ActiveCfg = Debug|Any CPU
		{F00DD2A1-B401-4490-B890-A84BAE871D5E}.Debug|Any CPU.Build.0 = Debug|Any CPU
		{F00DD2A1-B401-4490-B890-A84BAE871D5E}.Release|Any CPU.ActiveCfg = Release|Any CPU
		{F00DD2A1-B401-4490-B890-A84BAE871D5E}.Release|Any CPU.Build.0 = Release|Any CPU
	EndGlobalSection
	GlobalSection(SolutionProperties) = preSolution
		HideSolutionNode = FALSE
	EndGlobalSection
	GlobalSection(ExtensibilityGlobals) = postSolution
		SolutionGuid = {F43257AB-13E1-4FE4-9B14-906B9FDEE96E}
	EndGlobalSection
EndGlobal
